{
  "name": "Video Downloader",
  "version": "1.0.1",
  "lockfileVersion": 3,
  "requires": true,
  "packages": {
    "": {
      "name": "Video Downloader",
      "version": "1.0.1",
      "license": "MIT",
      "devDependencies": {
        "@sigma-file-manager/api": "^1.5.0",
        "typescript": "~5.8.0"
      },
      "engines": {
        "sigmaFileManager": ">=2.0.0"
      }
    },
    "node_modules/@sigma-file-manager/api": {
      "version": "1.5.0",
      "resolved": "https://registry.npmjs.org/@sigma-file-manager/api/-/api-1.5.0.tgz",
      "integrity": "sha512-YRLlwkuqr/5ngIhbJcW3XovgBFYWDVWUP4yGqN1wC1pFF3IFE4Ph8KWJqohLk1WjwGO7wky/hJZUcqA+xtZfzw==",
      "dev": true,
      "license": "GPL-3.0-or-later"
    },
    "node_modules/typescript": {
      "version": "5.8.3",
      "resolved": "https://registry.npmjs.org/typescript/-/typescript-5.8.3.tgz",
      "integrity": "sha512-p1diW6TqL9L07nNxvRMM7hMMw4c5XOo/1ibL4aAIGmSAt9slTE1Xgw5KWuof2uTOvCg9BY7ZRi+GaF+7sfgPeQ==",
      "dev": true,
      "license": "Apache-2.0",
      "bin": {
        "tsc": "bin/tsc",
        "tsserver": "bin/tsserver"
      },
      "engines": {
        "node": ">=14.17"
      }
    }
  }
}
